
Microsoft Visual Studio Solution File, Format Version 12.00
# Visual Studio Version 16
VisualStudioVersion = 16.0.31410.357
MinimumVisualStudioVersion = 10.0.40219.1
Project("{FAE04EC0-301F-11D3-BF4B-00C04F79EFBC}") = "ConsoleApp18", "ConsoleApp18\ConsoleApp18.csproj", "{A3D81127-035A-44DB-BFA6-7B467191A99B}"
EndProject
Global
	GlobalSection(SolutionConfigurationPlatforms) = preSolution
		Debug|Any CPU = Debug|Any CPU
		Release|Any CPU = Release|Any CPU
	EndGlobalSection
	GlobalSection(ProjectConfigurationPlatforms) = postSolution
		{A3D81127-035A-44DB-BFA6-7B467191A99B}.Debug|Any CPU.ActiveCfg = Debug|Any CPU
		{A3D81127-035A-44DB-BFA6-7B467191A99B}.Debug|Any CPU.Build.0 = Debug|Any CPU
		{A3D81127-035A-44DB-BFA6-7B467191A99B}.Release|Any CPU.ActiveCfg = Release|Any CPU
		{A3D81127-035A-44DB-BFA6-7B467191A99B}.Release|Any CPU.Build.0 = Release|Any CPU
	EndGlobalSection
	GlobalSection(SolutionProperties) = preSolution
		HideSolutionNode = FALSE
	EndGlobalSection
	GlobalSection(ExtensibilityGlobals) = postSolution
		SolutionGuid = {85DD6688-0B8E-4C2B-B028-25494D1B9588}
	EndGlobalSection
EndGlobal
